
Microsoft Visual Studio Solution File, Format Version 12.00
# Visual Studio Version 17
VisualStudioVersion = 17.3.32929.385
MinimumVisualStudioVersion = 10.0.40219.1
Project("{FAE04EC0-301F-11D3-BF4B-00C04F79EFBC}") = "onta_nicusor_lab2", "onta_nicusor_lab2\onta_nicusor_lab2.csproj", "{1288B467-6A06-4D08-80F9-FE4F156F1065}"
EndProject
Global
	GlobalSection(SolutionConfigurationPlatforms) = preSolution
		Debug|Any CPU = Debug|Any CPU
		Release|Any CPU = Release|Any CPU
	EndGlobalSection
	GlobalSection(ProjectConfigurationPlatforms) = postSolution
		{1288B467-6A06-4D08-80F9-FE4F156F1065}.Debug|Any CPU.ActiveCfg = Debug|Any CPU
		{1288B467-6A06-4D08-80F9-FE4F156F1065}.Debug|Any CPU.Build.0 = Debug|Any CPU
		{1288B467-6A06-4D08-80F9-FE4F156F1065}.Release|Any CPU.ActiveCfg = Release|Any CPU
		{1288B467-6A06-4D08-80F9-FE4F156F1065}.Release|Any CPU.Build.0 = Release|Any CPU
	EndGlobalSection
	GlobalSection(SolutionProperties) = preSolution
		HideSolutionNode = FALSE
	EndGlobalSection
	GlobalSection(ExtensibilityGlobals) = postSolution
		SolutionGuid = {99982C81-FCE8-4395-8338-3C54EC826804}
	EndGlobalSection
EndGlobal
